
Microsoft Visual Studio Solution File, Format Version 12.00
# Visual Studio Version 17
VisualStudioVersion = 17.8.34316.72
MinimumVisualStudioVersion = 10.0.40219.1
Project("{9A19103F-16F7-4668-BE54-9A1E7A4F7556}") = "Scripts", "Scripts\Scripts.csproj", "{11516A9D-D6B4-4E09-8877-E83AD7815AE1}"
EndProject
Project("{9A19103F-16F7-4668-BE54-9A1E7A4F7556}") = "Scripter", "Scripter\Scripter.csproj", "{1633D9C1-9F05-4B42-B2EF-86B7B106AB4E}"
EndProject
Project("{FAE04EC0-301F-11D3-BF4B-00C04F79EFBC}") = "ScriptsTest", "ScriptsTest\ScriptsTest.csproj", "{5C3B6808-DF79-4BF0-ACA6-C4FAECE3D105}"
EndProject
Project("{FAE04EC0-301F-11D3-BF4B-00C04F79EFBC}") = "Common", "Common\Common.csproj", "{C2965237-A600-4904-836C-C238004B578B}"
EndProject
Project("{FAE04EC0-301F-11D3-BF4B-00C04F79EFBC}") = "ScripterWinUi", "ScripterWinUi\ScripterWinUi.csproj", "{7C62B538-F6A5-4AFF-B150-E5318B05A4DF}"
EndProject
Project("{FAE04EC0-301F-11D3-BF4B-00C04F79EFBC}") = "ScripterWinUiTests", "ScripterWinUiTests\ScripterWinUiTests.csproj", "{9CB583B2-2AA2-4C37-9A82-F315E38DFDA1}"
EndProject
Global
	GlobalSection(SolutionConfigurationPlatforms) = preSolution
		Debug|Any CPU = Debug|Any CPU
		Debug|x64 = Debug|x64
		Release|Any CPU = Release|Any CPU
		Release|x64 = Release|x64
	EndGlobalSection
	GlobalSection(ProjectConfigurationPlatforms) = postSolution
		{11516A9D-D6B4-4E09-8877-E83AD7815AE1}.Debug|Any CPU.ActiveCfg = Debug|Any CPU
		{11516A9D-D6B4-4E09-8877-E83AD7815AE1}.Debug|Any CPU.Build.0 = Debug|Any CPU
		{11516A9D-D6B4-4E09-8877-E83AD7815AE1}.Debug|x64.ActiveCfg = Debug|x64
		{11516A9D-D6B4-4E09-8877-E83AD7815AE1}.Debug|x64.Build.0 = Debug|x64
		{11516A9D-D6B4-4E09-8877-E83AD7815AE1}.Release|Any CPU.ActiveCfg = Release|Any CPU
		{11516A9D-D6B4-4E09-8877-E83AD7815AE1}.Release|Any CPU.Build.0 = Release|Any CPU
		{11516A9D-D6B4-4E09-8877-E83AD7815AE1}.Release|x64.ActiveCfg = Release|x64
		{11516A9D-D6B4-4E09-8877-E83AD7815AE1}.Release|x64.Build.0 = Release|x64
		{1633D9C1-9F05-4B42-B2EF-86B7B106AB4E}.Debug|Any CPU.ActiveCfg = Debug|Any CPU
		{1633D9C1-9F05-4B42-B2EF-86B7B106AB4E}.Debug|Any CPU.Build.0 = Debug|Any CPU
		{1633D9C1-9F05-4B42-B2EF-86B7B106AB4E}.Debug|x64.ActiveCfg = Debug|x64
		{1633D9C1-9F05-4B42-B2EF-86B7B106AB4E}.Debug|x64.Build.0 = Debug|x64
		{1633D9C1-9F05-4B42-B2EF-86B7B106AB4E}.Release|Any CPU.ActiveCfg = Release|Any CPU
		{1633D9C1-9F05-4B42-B2EF-86B7B106AB4E}.Release|Any CPU.Build.0 = Release|Any CPU
		{1633D9C1-9F05-4B42-B2EF-86B7B106AB4E}.Release|x64.ActiveCfg = Release|x64
		{1633D9C1-9F05-4B42-B2EF-86B7B106AB4E}.Release|x64.Build.0 = Release|x64
		{5C3B6808-DF79-4BF0-ACA6-C4FAECE3D105}.Debug|Any CPU.ActiveCfg = Debug|Any CPU
		{5C3B6808-DF79-4BF0-ACA6-C4FAECE3D105}.Debug|Any CPU.Build.0 = Debug|Any CPU
		{5C3B6808-DF79-4BF0-ACA6-C4FAECE3D105}.Debug|x64.ActiveCfg = Debug|x64
		{5C3B6808-DF79-4BF0-ACA6-C4FAECE3D105}.Debug|x64.Build.0 = Debug|x64
		{5C3B6808-DF79-4BF0-ACA6-C4FAECE3D105}.Release|Any CPU.ActiveCfg = Release|Any CPU
		{5C3B6808-DF79-4BF0-ACA6-C4FAECE3D105}.Release|Any CPU.Build.0 = Release|Any CPU
		{5C3B6808-DF79-4BF0-ACA6-C4FAECE3D105}.Release|x64.ActiveCfg = Release|x64
		{5C3B6808-DF79-4BF0-ACA6-C4FAECE3D105}.Release|x64.Build.0 = Release|x64
		{C2965237-A600-4904-836C-C238004B578B}.Debug|Any CPU.ActiveCfg = Debug|Any CPU
		{C2965237-A600-4904-836C-C238004B578B}.Debug|Any CPU.Build.0 = Debug|Any CPU
		{C2965237-A600-4904-836C-C238004B578B}.Debug|x64.ActiveCfg = Debug|x64
		{C2965237-A600-4904-836C-C238004B578B}.Debug|x64.Build.0 = Debug|x64
		{C2965237-A600-4904-836C-C238004B578B}.Release|Any CPU.ActiveCfg = Release|Any CPU
		{C2965237-A600-4904-836C-C238004B578B}.Release|Any CPU.Build.0 = Release|Any CPU
		{C2965237-A600-4904-836C-C238004B578B}.Release|x64.ActiveCfg = Release|x64
		{C2965237-A600-4904-836C-C238004B578B}.Release|x64.Build.0 = Release|x64
		{7C62B538-F6A5-4AFF-B150-E5318B05A4DF}.Debug|Any CPU.ActiveCfg = Debug|x64
		{7C62B538-F6A5-4AFF-B150-E5318B05A4DF}.Debug|Any CPU.Build.0 = Debug|x64
		{7C62B538-F6A5-4AFF-B150-E5318B05A4DF}.Debug|Any CPU.Deploy.0 = Debug|x64
		{7C62B538-F6A5-4AFF-B150-E5318B05A4DF}.Debug|x64.ActiveCfg = Debug|x64
		{7C62B538-F6A5-4AFF-B150-E5318B05A4DF}.Debug|x64.Build.0 = Debug|x64
		{7C62B538-F6A5-4AFF-B150-E5318B05A4DF}.Debug|x64.Deploy.0 = Debug|x64
		{7C62B538-F6A5-4AFF-B150-E5318B05A4DF}.Release|Any CPU.ActiveCfg = Release|x64
		{7C62B538-F6A5-4AFF-B150-E5318B05A4DF}.Release|Any CPU.Build.0 = Release|x64
		{7C62B538-F6A5-4AFF-B150-E5318B05A4DF}.Release|Any CPU.Deploy.0 = Release|x64
		{7C62B538-F6A5-4AFF-B150-E5318B05A4DF}.Release|x64.ActiveCfg = Release|x64
		{7C62B538-F6A5-4AFF-B150-E5318B05A4DF}.Release|x64.Build.0 = Release|x64
		{7C62B538-F6A5-4AFF-B150-E5318B05A4DF}.Release|x64.Deploy.0 = Release|x64
		{9CB583B2-2AA2-4C37-9A82-F315E38DFDA1}.Debug|Any CPU.ActiveCfg = Debug|x64
		{9CB583B2-2AA2-4C37-9A82-F315E38DFDA1}.Debug|Any CPU.Build.0 = Debug|x64
		{9CB583B2-2AA2-4C37-9A82-F315E38DFDA1}.Debug|x64.ActiveCfg = Debug|x64
		{9CB583B2-2AA2-4C37-9A82-F315E38DFDA1}.Debug|x64.Build.0 = Debug|x64
		{9CB583B2-2AA2-4C37-9A82-F315E38DFDA1}.Release|Any CPU.ActiveCfg = Release|Any CPU
		{9CB583B2-2AA2-4C37-9A82-F315E38DFDA1}.Release|Any CPU.Build.0 = Release|Any CPU
		{9CB583B2-2AA2-4C37-9A82-F315E38DFDA1}.Release|x64.ActiveCfg = Release|x64
		{9CB583B2-2AA2-4C37-9A82-F315E38DFDA1}.Release|x64.Build.0 = Release|x64
	EndGlobalSection
	GlobalSection(SolutionProperties) = preSolution
		HideSolutionNode = FALSE
	EndGlobalSection
	GlobalSection(ExtensibilityGlobals) = postSolution
		SolutionGuid = {A3EF09D1-174F-45A4-8012-CE5D091CEB17}
	EndGlobalSection
EndGlobal
